
Microsoft Visual Studio Solution File, Format Version 12.00
# Visual Studio Version 17
VisualStudioVersion = 17.3.32825.248
MinimumVisualStudioVersion = 10.0.40219.1
Project("{9A19103F-16F7-4668-BE54-9A1E7A4F7556}") = "Reference", "Reference\Reference.csproj", "{93173F37-7C18-4BC2-AAA3-5C7EC017F134}"
EndProject
Project("{9A19103F-16F7-4668-BE54-9A1E7A4F7556}") = "Helpers", "Helpers\Helpers.csproj", "{3B719A22-AE11-489A-8419-405F0CD2649E}"
EndProject
Project("{FAE04EC0-301F-11D3-BF4B-00C04F79EFBC}") = "Api", "Api\Api.csproj", "{56DD436D-32A8-4164-B127-DF64BD468D4D}"
EndProject
Global
	GlobalSection(SolutionConfigurationPlatforms) = preSolution
		Debug|Any CPU = Debug|Any CPU
		Release|Any CPU = Release|Any CPU
	EndGlobalSection
	GlobalSection(ProjectConfigurationPlatforms) = postSolution
		{93173F37-7C18-4BC2-AAA3-5C7EC017F134}.Debug|Any CPU.ActiveCfg = Debug|Any CPU
		{93173F37-7C18-4BC2-AAA3-5C7EC017F134}.Debug|Any CPU.Build.0 = Debug|Any CPU
		{93173F37-7C18-4BC2-AAA3-5C7EC017F134}.Release|Any CPU.ActiveCfg = Release|Any CPU
		{93173F37-7C18-4BC2-AAA3-5C7EC017F134}.Release|Any CPU.Build.0 = Release|Any CPU
		{3B719A22-AE11-489A-8419-405F0CD2649E}.Debug|Any CPU.ActiveCfg = Debug|Any CPU
		{3B719A22-AE11-489A-8419-405F0CD2649E}.Debug|Any CPU.Build.0 = Debug|Any CPU
		{3B719A22-AE11-489A-8419-405F0CD2649E}.Release|Any CPU.ActiveCfg = Release|Any CPU
		{3B719A22-AE11-489A-8419-405F0CD2649E}.Release|Any CPU.Build.0 = Release|Any CPU
		{56DD436D-32A8-4164-B127-DF64BD468D4D}.Debug|Any CPU.ActiveCfg = Debug|Any CPU
		{56DD436D-32A8-4164-B127-DF64BD468D4D}.Debug|Any CPU.Build.0 = Debug|Any CPU
		{56DD436D-32A8-4164-B127-DF64BD468D4D}.Release|Any CPU.ActiveCfg = Release|Any CPU
		{56DD436D-32A8-4164-B127-DF64BD468D4D}.Release|Any CPU.Build.0 = Release|Any CPU
	EndGlobalSection
	GlobalSection(SolutionProperties) = preSolution
		HideSolutionNode = FALSE
	EndGlobalSection
	GlobalSection(ExtensibilityGlobals) = postSolution
		SolutionGuid = {455D1D23-C76A-4E88-9BCA-6456EBD02349}
	EndGlobalSection
EndGlobal
